hash: 9722eb4855eb530ebf1bf30a2628e029371db1ab0e7f4608a9cfc3233d7cfdc5
updated: 2019-06-22T13:37:40.068810292+03:00
imports:
- name: github.com/beorn7/perks
  version: 4b2b341e8d7715fae06375aa633dbb6e91b3fb46
  subpackages:
  - quantile
- name: github.com/golang/protobuf
  version: b285ee9cfc6c881bb20c0d8dc73370ea9b9ec90f
  subpackages:
  - proto
- name: github.com/gorilla/mux
  version: ed099d42384823742bba0bf9a72b53b55c9e2e38
- name: github.com/joho/godotenv
  version: 23d116af351c84513e1946b527c88823e476be13
- name: github.com/lib/pq
  version: bc6a3c0594130b1e34005880bc600b6d3f49fa7f
  subpackages:
  - oid
  - scram
- name: github.com/matttproud/golang_protobuf_extensions
  version: c182affec369e30f25d3eb8cd8a478dee585ae7d
  subpackages:
  - pbutil
- name: github.com/prometheus/client_golang
  version: 4ab88e80c249ed361d3299e2930427d9ac43ef8d
  subpackages:
  - prometheus
  - prometheus/internal
  - prometheus/promauto
  - prometheus/promhttp
- name: github.com/prometheus/client_model
  version: fd36f4220a901265f90734c3183c5f0c91daa0b8
  subpackages:
  - go
- name: github.com/prometheus/common
  version: 31bed53e4047fd6c510e43a941f90cb31be0972a
  subpackages:
  - expfmt
  - internal/bitbucket.org/ww/goautoneg
  - model
- name: github.com/prometheus/procfs
  version: f959769dfe3ee5212b9fb905319b8811f12bf7a2
  subpackages:
  - internal/fs
- name: golang.org/x/sys
  version: d432491b91382bba9c2a91776aa47c9430183a6f
  subpackages:
  - windows
testImports: []
